
Microsoft Visual Studio Solution File, Format Version 12.00
# Visual Studio Version 17
VisualStudioVersion = 17.3.32811.315
MinimumVisualStudioVersion = 10.0.40219.1
Project("{FAE04EC0-301F-11D3-BF4B-00C04F79EFBC}") = "WindowsFormsApp2", "..\WindowsFormsApp2\WindowsFormsApp2.csproj", "{534906BA-8BBE-4491-BD6E-27DD3AB27A2A}"
EndProject
Global
	GlobalSection(SolutionConfigurationPlatforms) = preSolution
		Debug|Any CPU = Debug|Any CPU
		Release|Any CPU = Release|Any CPU
	EndGlobalSection
	GlobalSection(ProjectConfigurationPlatforms) = postSolution
		{534906BA-8BBE-4491-BD6E-27DD3AB27A2A}.Debug|Any CPU.ActiveCfg = Debug|Any CPU
		{534906BA-8BBE-4491-BD6E-27DD3AB27A2A}.Debug|Any CPU.Build.0 = Debug|Any CPU
		{534906BA-8BBE-4491-BD6E-27DD3AB27A2A}.Release|Any CPU.ActiveCfg = Release|Any CPU
		{534906BA-8BBE-4491-BD6E-27DD3AB27A2A}.Release|Any CPU.Build.0 = Release|Any CPU
	EndGlobalSection
	GlobalSection(SolutionProperties) = preSolution
		HideSolutionNode = FALSE
	EndGlobalSection
	GlobalSection(ExtensibilityGlobals) = postSolution
		SolutionGuid = {A8ECA8FE-4176-411E-808C-5A86A25713C4}
	EndGlobalSection
EndGlobal
