
Microsoft Visual Studio Solution File, Format Version 12.00
# Visual Studio Version 16
VisualStudioVersion = 16.0.31605.320
MinimumVisualStudioVersion = 10.0.40219.1
Project("{FAE04EC0-301F-11D3-BF4B-00C04F79EFBC}") = "Practico1", "Practico1\Practico1.csproj", "{DB70AD6A-624F-4013-8576-8C38F86E50B3}"
EndProject
Global
	GlobalSection(SolutionConfigurationPlatforms) = preSolution
		Debug|Any CPU = Debug|Any CPU
		Release|Any CPU = Release|Any CPU
	EndGlobalSection
	GlobalSection(ProjectConfigurationPlatforms) = postSolution
		{DB70AD6A-624F-4013-8576-8C38F86E50B3}.Debug|Any CPU.ActiveCfg = Debug|Any CPU
		{DB70AD6A-624F-4013-8576-8C38F86E50B3}.Debug|Any CPU.Build.0 = Debug|Any CPU
		{DB70AD6A-624F-4013-8576-8C38F86E50B3}.Release|Any CPU.ActiveCfg = Release|Any CPU
		{DB70AD6A-624F-4013-8576-8C38F86E50B3}.Release|Any CPU.Build.0 = Release|Any CPU
	EndGlobalSection
	GlobalSection(SolutionProperties) = preSolution
		HideSolutionNode = FALSE
	EndGlobalSection
	GlobalSection(ExtensibilityGlobals) = postSolution
		SolutionGuid = {BDF9566B-064B-40A8-9AC7-33A3518ED39E}
	EndGlobalSection
EndGlobal
